memo = "184dfba7fb9e6fe3a3c00d09ffbf909a626c943c838b2e66a33ef6e00e401fb3"

[[projects]]
  name = "github.com/DATA-DOG/go-sqlmock"
  packages = ["."]
  revision = "b983233bc0bbea4dc6e8ec8c8c923d935765ffec"
  version = "v1.2.0"

[[projects]]
  branch = "v1"
  name = "github.com/Masterminds/squirrel"
  packages = ["."]
  revision = "20f192218cf52a73397fa2df45bdda720f3e47c8"

[[projects]]
  branch = "master"
  name = "github.com/jmoiron/sqlx"
  packages = [".","reflectx"]
  revision = "d9bd385d68c068f1fabb5057e3dedcbcbb039d0f"

[[projects]]
  branch = "master"
  name = "github.com/lann/builder"
  packages = ["."]
  revision = "f22ce00fd9394014049dad11c244859432bd6820"

[[projects]]
  branch = "master"
  name = "github.com/lann/ps"
  packages = ["."]
  revision = "62de8c46ede02a7675c4c79c84883eb164cb71e3"
